
Microsoft Visual Studio Solution File, Format Version 12.00
# Visual Studio 14
VisualStudioVersion = 14.0.25123.0
MinimumVisualStudioVersion = 10.0.40219.1
Project("{FAE04EC0-301F-11D3-BF4B-00C04F79EFBC}") = "TakeCare.Api", "TakeCare.Api\TakeCare.Api.csproj", "{D30CBE20-8042-4481-AC32-5F90699311FC}"
EndProject
Project("{00D1A9C2-B5F0-4AF3-8072-F6C62B433612}") = "TakeCare.Database", "TakeCare.Database\TakeCare.Database.sqlproj", "{918397AC-164A-41FE-8534-3841720841D2}"
EndProject
Project("{FAE04EC0-301F-11D3-BF4B-00C04F79EFBC}") = "TakeCare.Web", "TakeCareWeb\TakeCare.Web.csproj", "{F46DB6F9-28E6-4812-B6DB-EBA50ED97A6A}"
EndProject
Global
	GlobalSection(SolutionConfigurationPlatforms) = preSolution
		Debug|Any CPU = Debug|Any CPU
		Release|Any CPU = Release|Any CPU
	EndGlobalSection
	GlobalSection(ProjectConfigurationPlatforms) = postSolution
		{D30CBE20-8042-4481-AC32-5F90699311FC}.Debug|Any CPU.ActiveCfg = Debug|Any CPU
		{D30CBE20-8042-4481-AC32-5F90699311FC}.Debug|Any CPU.Build.0 = Debug|Any CPU
		{D30CBE20-8042-4481-AC32-5F90699311FC}.Release|Any CPU.ActiveCfg = Release|Any CPU
		{D30CBE20-8042-4481-AC32-5F90699311FC}.Release|Any CPU.Build.0 = Release|Any CPU
		{918397AC-164A-41FE-8534-3841720841D2}.Debug|Any CPU.ActiveCfg = Debug|Any CPU
		{918397AC-164A-41FE-8534-3841720841D2}.Debug|Any CPU.Build.0 = Debug|Any CPU
		{918397AC-164A-41FE-8534-3841720841D2}.Debug|Any CPU.Deploy.0 = Debug|Any CPU
		{918397AC-164A-41FE-8534-3841720841D2}.Release|Any CPU.ActiveCfg = Release|Any CPU
		{918397AC-164A-41FE-8534-3841720841D2}.Release|Any CPU.Build.0 = Release|Any CPU
		{918397AC-164A-41FE-8534-3841720841D2}.Release|Any CPU.Deploy.0 = Release|Any CPU
		{F46DB6F9-28E6-4812-B6DB-EBA50ED97A6A}.Debug|Any CPU.ActiveCfg = Debug|Any CPU
		{F46DB6F9-28E6-4812-B6DB-EBA50ED97A6A}.Debug|Any CPU.Build.0 = Debug|Any CPU
		{F46DB6F9-28E6-4812-B6DB-EBA50ED97A6A}.Release|Any CPU.ActiveCfg = Release|Any CPU
		{F46DB6F9-28E6-4812-B6DB-EBA50ED97A6A}.Release|Any CPU.Build.0 = Release|Any CPU
	EndGlobalSection
	GlobalSection(SolutionProperties) = preSolution
		HideSolutionNode = FALSE
	EndGlobalSection
EndGlobal
